
Microsoft Visual Studio Solution File, Format Version 12.00
# Visual Studio 15
VisualStudioVersion = 15.0.26730.12
MinimumVisualStudioVersion = 10.0.40219.1
Project("{FAE04EC0-301F-11D3-BF4B-00C04F79EFBC}") = "VirtualAdvisorDataApp", "VirtualAdvisorDataApp\VirtualAdvisorDataApp.csproj", "{FDB19A07-DC0E-44CE-A820-2ABEDD8F33B6}"
EndProject
Project("{FAE04EC0-301F-11D3-BF4B-00C04F79EFBC}") = "VirtualAdvisorDataApp.Tests", "VirtualAdvisorDataApp.Tests\VirtualAdvisorDataApp.Tests.csproj", "{779004DF-4CFB-4C88-9BB9-E764A51A8473}"
EndProject
Global
	GlobalSection(SolutionConfigurationPlatforms) = preSolution
		Debug|Any CPU = Debug|Any CPU
		Release|Any CPU = Release|Any CPU
	EndGlobalSection
	GlobalSection(ProjectConfigurationPlatforms) = postSolution
		{FDB19A07-DC0E-44CE-A820-2ABEDD8F33B6}.Debug|Any CPU.ActiveCfg = Debug|Any CPU
		{FDB19A07-DC0E-44CE-A820-2ABEDD8F33B6}.Debug|Any CPU.Build.0 = Debug|Any CPU
		{FDB19A07-DC0E-44CE-A820-2ABEDD8F33B6}.Release|Any CPU.ActiveCfg = Release|Any CPU
		{FDB19A07-DC0E-44CE-A820-2ABEDD8F33B6}.Release|Any CPU.Build.0 = Release|Any CPU
		{779004DF-4CFB-4C88-9BB9-E764A51A8473}.Debug|Any CPU.ActiveCfg = Debug|Any CPU
		{779004DF-4CFB-4C88-9BB9-E764A51A8473}.Debug|Any CPU.Build.0 = Debug|Any CPU
		{779004DF-4CFB-4C88-9BB9-E764A51A8473}.Release|Any CPU.ActiveCfg = Release|Any CPU
		{779004DF-4CFB-4C88-9BB9-E764A51A8473}.Release|Any CPU.Build.0 = Release|Any CPU
	EndGlobalSection
	GlobalSection(SolutionProperties) = preSolution
		HideSolutionNode = FALSE
	EndGlobalSection
	GlobalSection(ExtensibilityGlobals) = postSolution
		SolutionGuid = {3D90E079-6E59-43B0-ACE8-4F0210C65EE9}
	EndGlobalSection
EndGlobal
